
Microsoft Visual Studio Solution File, Format Version 12.00
# Visual Studio 2013
VisualStudioVersion = 12.0.31101.0
MinimumVisualStudioVersion = 10.0.40219.1
Project("{FAE04EC0-301F-11D3-BF4B-00C04F79EFBC}") = "ES.Web", "EngineeringStudents\ES.Web.csproj", "{284D306D-FC51-4A13-A5DF-82A41F49526E}"
EndProject
Project("{2150E333-8FDC-42A3-9474-1A3956D46DE8}") = "01 Presentation Layer", "01 Presentation Layer", "{4DB1CC6F-B2A3-44B8-9F7E-CEA4C22B0CF9}"
EndProject
Project("{2150E333-8FDC-42A3-9474-1A3956D46DE8}") = "02 Biz Layer", "02 Biz Layer", "{13C73B60-4678-4C50-91AB-B20E62884165}"
EndProject
Project("{2150E333-8FDC-42A3-9474-1A3956D46DE8}") = "03 Data Access Layer", "03 Data Access Layer", "{85D283AE-6832-498D-B96E-BAC133ABD011}"
EndProject
Project("{2150E333-8FDC-42A3-9474-1A3956D46DE8}") = "04 Application Common Layer", "04 Application Common Layer", "{E92CFFF6-3717-45CB-A71B-0283B0D435A6}"
EndProject
Project("{FAE04EC0-301F-11D3-BF4B-00C04F79EFBC}") = "ES.Biz.Contract", "ES.Biz.Contract\ES.Biz.Contract.csproj", "{4D3EB6CA-6DE8-4241-9A6A-B920D0B7F3BF}"
EndProject
Project("{FAE04EC0-301F-11D3-BF4B-00C04F79EFBC}") = "ES.Biz.Implementation", "ES.Biz.Implementation\ES.Biz.Implementation.csproj", "{9D35B1D5-3A22-40F8-B2D8-47811820642E}"
EndProject
Project("{FAE04EC0-301F-11D3-BF4B-00C04F79EFBC}") = "ES.DAL.Contract", "ES.DAL.Contract\ES.DAL.Contract.csproj", "{E0B00CED-75E6-4624-AF41-05C4AE890290}"
EndProject
Project("{FAE04EC0-301F-11D3-BF4B-00C04F79EFBC}") = "ES.DAL.Implementation", "ES.DAL.Implementation\ES.DAL.Implementation.csproj", "{598F6F21-B0C3-4130-9F85-ACDBF71E331B}"
EndProject
Project("{FAE04EC0-301F-11D3-BF4B-00C04F79EFBC}") = "ES.DAL.Model", "ES.DAL.Model\ES.DAL.Model.csproj", "{3FC80BD7-7249-44EE-8879-69C5F91183D8}"
EndProject
Project("{FAE04EC0-301F-11D3-BF4B-00C04F79EFBC}") = "ES.Common", "ES.Common\ES.Common.csproj", "{0952131B-CAA2-46C2-BB5A-EC6863F92405}"
EndProject
Project("{FAE04EC0-301F-11D3-BF4B-00C04F79EFBC}") = "ES.ValueObjects", "ES.ValueObjects\ES.ValueObjects.csproj", "{3E013A08-A285-4DB3-8BDD-F8B897CDCB26}"
EndProject
Project("{2150E333-8FDC-42A3-9474-1A3956D46DE8}") = "05 Core", "05 Core", "{9E881180-D8ED-4F04-9F3E-7F3640A8CA6B}"
EndProject
Project("{FAE04EC0-301F-11D3-BF4B-00C04F79EFBC}") = "Core.Common", "Core.Common\Core.Common.csproj", "{7F0F70FB-FB63-492F-9A72-96D2B98EAABC}"
EndProject
Global
	GlobalSection(SolutionConfigurationPlatforms) = preSolution
		Debug|Any CPU = Debug|Any CPU
		Release|Any CPU = Release|Any CPU
	EndGlobalSection
	GlobalSection(ProjectConfigurationPlatforms) = postSolution
		{284D306D-FC51-4A13-A5DF-82A41F49526E}.Debug|Any CPU.ActiveCfg = Debug|Any CPU
		{284D306D-FC51-4A13-A5DF-82A41F49526E}.Debug|Any CPU.Build.0 = Debug|Any CPU
		{284D306D-FC51-4A13-A5DF-82A41F49526E}.Release|Any CPU.ActiveCfg = Release|Any CPU
		{284D306D-FC51-4A13-A5DF-82A41F49526E}.Release|Any CPU.Build.0 = Release|Any CPU
		{4D3EB6CA-6DE8-4241-9A6A-B920D0B7F3BF}.Debug|Any CPU.ActiveCfg = Debug|Any CPU
		{4D3EB6CA-6DE8-4241-9A6A-B920D0B7F3BF}.Debug|Any CPU.Build.0 = Debug|Any CPU
		{4D3EB6CA-6DE8-4241-9A6A-B920D0B7F3BF}.Release|Any CPU.ActiveCfg = Release|Any CPU
		{4D3EB6CA-6DE8-4241-9A6A-B920D0B7F3BF}.Release|Any CPU.Build.0 = Release|Any CPU
		{9D35B1D5-3A22-40F8-B2D8-47811820642E}.Debug|Any CPU.ActiveCfg = Debug|Any CPU
		{9D35B1D5-3A22-40F8-B2D8-47811820642E}.Debug|Any CPU.Build.0 = Debug|Any CPU
		{9D35B1D5-3A22-40F8-B2D8-47811820642E}.Release|Any CPU.ActiveCfg = Release|Any CPU
		{9D35B1D5-3A22-40F8-B2D8-47811820642E}.Release|Any CPU.Build.0 = Release|Any CPU
		{E0B00CED-75E6-4624-AF41-05C4AE890290}.Debug|Any CPU.ActiveCfg = Debug|Any CPU
		{E0B00CED-75E6-4624-AF41-05C4AE890290}.Debug|Any CPU.Build.0 = Debug|Any CPU
		{E0B00CED-75E6-4624-AF41-05C4AE890290}.Release|Any CPU.ActiveCfg = Release|Any CPU
		{E0B00CED-75E6-4624-AF41-05C4AE890290}.Release|Any CPU.Build.0 = Release|Any CPU
		{598F6F21-B0C3-4130-9F85-ACDBF71E331B}.Debug|Any CPU.ActiveCfg = Debug|Any CPU
		{598F6F21-B0C3-4130-9F85-ACDBF71E331B}.Debug|Any CPU.Build.0 = Debug|Any CPU
		{598F6F21-B0C3-4130-9F85-ACDBF71E331B}.Release|Any CPU.ActiveCfg = Release|Any CPU
		{598F6F21-B0C3-4130-9F85-ACDBF71E331B}.Release|Any CPU.Build.0 = Release|Any CPU
		{3FC80BD7-7249-44EE-8879-69C5F91183D8}.Debug|Any CPU.ActiveCfg = Debug|Any CPU
		{3FC80BD7-7249-44EE-8879-69C5F91183D8}.Debug|Any CPU.Build.0 = Debug|Any CPU
		{3FC80BD7-7249-44EE-8879-69C5F91183D8}.Release|Any CPU.ActiveCfg = Release|Any CPU
		{3FC80BD7-7249-44EE-8879-69C5F91183D8}.Release|Any CPU.Build.0 = Release|Any CPU
		{0952131B-CAA2-46C2-BB5A-EC6863F92405}.Debug|Any CPU.ActiveCfg = Debug|Any CPU
		{0952131B-CAA2-46C2-BB5A-EC6863F92405}.Debug|Any CPU.Build.0 = Debug|Any CPU
		{0952131B-CAA2-46C2-BB5A-EC6863F92405}.Release|Any CPU.ActiveCfg = Release|Any CPU
		{0952131B-CAA2-46C2-BB5A-EC6863F92405}.Release|Any CPU.Build.0 = Release|Any CPU
		{3E013A08-A285-4DB3-8BDD-F8B897CDCB26}.Debug|Any CPU.ActiveCfg = Debug|Any CPU
		{3E013A08-A285-4DB3-8BDD-F8B897CDCB26}.Debug|Any CPU.Build.0 = Debug|Any CPU
		{3E013A08-A285-4DB3-8BDD-F8B897CDCB26}.Release|Any CPU.ActiveCfg = Release|Any CPU
		{3E013A08-A285-4DB3-8BDD-F8B897CDCB26}.Release|Any CPU.Build.0 = Release|Any CPU
		{7F0F70FB-FB63-492F-9A72-96D2B98EAABC}.Debug|Any CPU.ActiveCfg = Debug|Any CPU
		{7F0F70FB-FB63-492F-9A72-96D2B98EAABC}.Debug|Any CPU.Build.0 = Debug|Any CPU
		{7F0F70FB-FB63-492F-9A72-96D2B98EAABC}.Release|Any CPU.ActiveCfg = Release|Any CPU
		{7F0F70FB-FB63-492F-9A72-96D2B98EAABC}.Release|Any CPU.Build.0 = Release|Any CPU
	EndGlobalSection
	GlobalSection(SolutionProperties) = preSolution
		HideSolutionNode = FALSE
	EndGlobalSection
	GlobalSection(NestedProjects) = preSolution
		{284D306D-FC51-4A13-A5DF-82A41F49526E} = {4DB1CC6F-B2A3-44B8-9F7E-CEA4C22B0CF9}
		{4D3EB6CA-6DE8-4241-9A6A-B920D0B7F3BF} = {13C73B60-4678-4C50-91AB-B20E62884165}
		{9D35B1D5-3A22-40F8-B2D8-47811820642E} = {13C73B60-4678-4C50-91AB-B20E62884165}
		{E0B00CED-75E6-4624-AF41-05C4AE890290} = {85D283AE-6832-498D-B96E-BAC133ABD011}
		{598F6F21-B0C3-4130-9F85-ACDBF71E331B} = {85D283AE-6832-498D-B96E-BAC133ABD011}
		{3FC80BD7-7249-44EE-8879-69C5F91183D8} = {85D283AE-6832-498D-B96E-BAC133ABD011}
		{0952131B-CAA2-46C2-BB5A-EC6863F92405} = {E92CFFF6-3717-45CB-A71B-0283B0D435A6}
		{3E013A08-A285-4DB3-8BDD-F8B897CDCB26} = {E92CFFF6-3717-45CB-A71B-0283B0D435A6}
		{7F0F70FB-FB63-492F-9A72-96D2B98EAABC} = {9E881180-D8ED-4F04-9F3E-7F3640A8CA6B}
	EndGlobalSection
EndGlobal
